        "webpack-dev-server": "5.2.1",
      "version": "1.1.12",
      "resolved": "https://registry.npmjs.org/brace-expansion/-/brace-expansion-1.1.12.tgz",
      "version": "1.1.12",
      "resolved": "https://registry.npmjs.org/brace-expansion/-/brace-expansion-1.1.12.tgz",
      "version": "1.1.12",
      "resolved": "https://registry.npmjs.org/brace-expansion/-/brace-expansion-1.1.12.tgz",
        "webpack-dev-server": "5.2.1",
      "version": "1.1.12",
      "resolved": "https://registry.npmjs.org/brace-expansion/-/brace-expansion-1.1.12.tgz",
      "version": "2.0.2",
      "version": "2.0.2",
      "version": "2.0.2",
      "version": "2.0.2",
      "resolved": "https://registry.npmjs.org/brace-expansion/-/brace-expansion-2.0.2.tgz",
      "version": "2.0.2",
      "version": "2.0.2",
      "version": "2.0.2",
      "version": "1.1.12",
      "resolved": "https://registry.npmjs.org/brace-expansion/-/brace-expansion-1.1.12.tgz",
      "version": "2.0.2",
      "version": "2.0.2",
      "version": "1.1.12",
      "resolved": "https://registry.npmjs.org/brace-expansion/-/brace-expansion-1.1.12.tgz",
      "version": "2.0.2",
      "version": "2.0.2",
      "version": "1.1.12",
      "resolved": "https://registry.npmjs.org/brace-expansion/-/brace-expansion-1.1.12.tgz",
      "version": "1.1.12",
      "resolved": "https://registry.npmjs.org/brace-expansion/-/brace-expansion-1.1.12.tgz",
      "version": "1.1.12",
      "resolved": "https://registry.npmjs.org/brace-expansion/-/brace-expansion-1.1.12.tgz",
      "version": "2.0.2",
      "version": "2.0.2",
      "version": "2.0.2",
      "version": "2.0.2",
      "version": "2.0.2",
      "version": "2.0.2",
      "version": "1.1.12",
      "resolved": "https://registry.npmjs.org/brace-expansion/-/brace-expansion-1.1.12.tgz",
      "version": "1.1.12",
      "resolved": "https://registry.npmjs.org/brace-expansion/-/brace-expansion-1.1.12.tgz",
      "version": "2.0.2",
      "version": "2.0.2",
      "version": "2.0.2",
      "version": "1.1.12",
      "resolved": "https://registry.npmjs.org/brace-expansion/-/brace-expansion-1.1.12.tgz",
      "version": "2.0.2",
      "version": "1.1.12",
      "resolved": "https://registry.npmjs.org/brace-expansion/-/brace-expansion-1.1.12.tgz",
      "version": "2.0.2",
      "version": "2.0.2",
      "version": "2.0.2",
      "version": "2.0.2",
      "resolved": "https://registry.npmjs.org/webpack-dev-server/-/webpack-dev-server-5.2.1.tgz",
      "version": "2.0.2",
      "version": "2.0.2",
        "webpack-dev-server": "5.2.0",
      "version": "1.1.11",
      "resolved": "https://registry.npmjs.org/brace-expansion/-/brace-expansion-1.1.11.tgz",
      "version": "1.1.11",
      "resolved": "https://registry.npmjs.org/brace-expansion/-/brace-expansion-1.1.11.tgz",
      "version": "1.1.11",
      "resolved": "https://registry.npmjs.org/brace-expansion/-/brace-expansion-1.1.11.tgz",
        "webpack-dev-server": "5.2.0",
      "version": "1.1.11",
      "resolved": "https://registry.npmjs.org/brace-expansion/-/brace-expansion-1.1.11.tgz",
      "version": "2.0.1",
      "version": "2.0.1",
      "version": "2.0.1",
      "version": "2.0.1",
      "resolved": "https://registry.npmjs.org/brace-expansion/-/brace-expansion-2.0.1.tgz",
      "version": "2.0.1",
      "version": "2.0.1",
      "version": "2.0.1",
      "version": "1.1.11",
      "resolved": "https://registry.npmjs.org/brace-expansion/-/brace-expansion-1.1.11.tgz",
      "version": "2.0.1",
      "version": "2.0.1",
      "version": "1.1.11",
      "resolved": "https://registry.npmjs.org/brace-expansion/-/brace-expansion-1.1.11.tgz",
      "version": "2.0.1",
      "version": "2.0.1",
      "version": "1.1.11",
      "resolved": "https://registry.npmjs.org/brace-expansion/-/brace-expansion-1.1.11.tgz",
      "version": "1.1.11",
      "resolved": "https://registry.npmjs.org/brace-expansion/-/brace-expansion-1.1.11.tgz",
      "version": "1.1.11",
      "resolved": "https://registry.npmjs.org/brace-expansion/-/brace-expansion-1.1.11.tgz",
      "version": "2.0.1",
      "version": "2.0.1",
      "version": "2.0.1",
      "version": "2.0.1",
      "version": "2.0.1",
      "version": "2.0.1",
      "version": "1.1.11",
      "resolved": "https://registry.npmjs.org/brace-expansion/-/brace-expansion-1.1.11.tgz",
      "version": "1.1.11",
      "resolved": "https://registry.npmjs.org/brace-expansion/-/brace-expansion-1.1.11.tgz",
      "version": "2.0.1",
      "version": "2.0.1",
      "version": "2.0.1",
      "version": "1.1.11",
      "resolved": "https://registry.npmjs.org/brace-expansion/-/brace-expansion-1.1.11.tgz",
      "version": "2.0.1",
      "version": "1.1.11",
      "resolved": "https://registry.npmjs.org/brace-expansion/-/brace-expansion-1.1.11.tgz",
      "version": "2.0.1",
      "version": "2.0.1",
      "version": "2.0.1",
      "version": "2.0.1",
      "resolved": "https://registry.npmjs.org/webpack-dev-server/-/webpack-dev-server-5.2.0.tgz",
      "version": "2.0.1",
      "version": "2.0.1",
